// !$*UTF8*$!
{
	archiveVersion = 1;
	classes = {
	};
	objectVersion = 56;
	objects = {

/* Begin PBXBuildFile section */
		0329DF1460144EF9B0596798 /* BlueWaveRadioApp.swift in Sources */ = {isa = PBXBuildFile; fileRef = 779448B33CC4441FBF3C12DF /* BlueWaveRadioApp.swift */; };
		9708345B272E411FBE000820 /* ContentView.swift in Sources */ = {isa = PBXBuildFile; fileRef = BFA4E484EF494EB48C76DB96 /* ContentView.swift */; };
		64532FEAE3FA481090CED30F /* MusicEvent.swift in Sources */ = {isa = PBXBuildFile; fileRef = C1FDDDBAD7EB4C1CB6C1FA71 /* MusicEvent.swift */; };
		C45762AB282E4484B99F7B92 /* RadioShow.swift in Sources */ = {isa = PBXBuildFile; fileRef = FFF6C9AE09694058AB95A2EF /* RadioShow.swift */; };
		524400DB716F4B5FBF98E049 /* Restaurant.swift in Sources */ = {isa = PBXBuildFile; fileRef = B1378C3DA4494528A3850E22 /* Restaurant.swift */; };
		8F11D2E1682E412DA2AF71FF /* AudioStreamManager.swift in Sources */ = {isa = PBXBuildFile; fileRef = AE174244E2174052884B6F1E /* AudioStreamManager.swift */; };
		CE5C9FC21DC6499B8947166E /* DineOutManager.swift in Sources */ = {isa = PBXBuildFile; fileRef = F682380864544560948AF6F4 /* DineOutManager.swift */; };
		A94BA4049E4D4F9CBA8EAF7A /* MusicSceneManager.swift in Sources */ = {isa = PBXBuildFile; fileRef = AC24B30F3E8542EF8E86F0B0 /* MusicSceneManager.swift */; };
		96C466959D4F44AC888CF8A7 /* NotificationManager.swift in Sources */ = {isa = PBXBuildFile; fileRef = D4B42EF7F20345A48249FFEF /* NotificationManager.swift */; };
		9E127CE147E045FC9767D539 /* Color+Theme.swift in Sources */ = {isa = PBXBuildFile; fileRef = 1BF5ED37039C48BD84B9ED1B /* Color+Theme.swift */; };
		7128B86468764EB4BAD4B01F /* DineOutView.swift in Sources */ = {isa = PBXBuildFile; fileRef = DF599880220346FEB51B9338 /* DineOutView.swift */; };
		646B6B4C166A46A994962B99 /* RestaurantDetailView.swift in Sources */ = {isa = PBXBuildFile; fileRef = 9B6FB11E1E464BE0989CFFC8 /* RestaurantDetailView.swift */; };
		7AB4AD972F434DDDB2B0E4BF /* EventDetailView.swift in Sources */ = {isa = PBXBuildFile; fileRef = BF05F8D7B37145C4B197EA62 /* EventDetailView.swift */; };
		CED35AC5E97347E09D9AA7E3 /* MusicSceneView.swift in Sources */ = {isa = PBXBuildFile; fileRef = DE071FEBE7964E04BA54FF62 /* MusicSceneView.swift */; };
		DA7AE6ED3624434C9C395C97 /* ProgrammingScheduleView.swift in Sources */ = {isa = PBXBuildFile; fileRef = 4A8F5C84AC8941D6AEFF7C80 /* ProgrammingScheduleView.swift */; };
		599396E2782D41978C740AA3 /* SleepTimerView.swift in Sources */ = {isa = PBXBuildFile; fileRef = ABCB41EA551F4B4F9D318A82 /* SleepTimerView.swift */; };
		6E3CB4DD343E474BB53CA38E /* StreamingView.swift in Sources */ = {isa = PBXBuildFile; fileRef = 5693BAE7FBA54FF0B6C52640 /* StreamingView.swift */; };
/* End PBXBuildFile section */

/* Begin PBXFileReference section */
		38E40461FE624F0CB0A6C1BA /* BlueWaveRadio.app */ = {isa = PBXFileReference; explicitFileType = wrapper.application; includeInIndex = 0; path = BlueWaveRadio.app; sourceTree = BUILT_PRODUCTS_DIR; };
		779448B33CC4441FBF3C12DF /* BlueWaveRadioApp.swift */ = {isa = PBXFileReference; lastKnownFileType = sourcecode.swift; path = "App/BlueWaveRadioApp.swift"; sourceTree = "<group>"; };
		BFA4E484EF494EB48C76DB96 /* ContentView.swift */ = {isa = PBXFileReference; lastKnownFileType = sourcecode.swift; path = "App/ContentView.swift"; sourceTree = "<group>"; };
		C1FDDDBAD7EB4C1CB6C1FA71 /* MusicEvent.swift */ = {isa = PBXFileReference; lastKnownFileType = sourcecode.swift; path = "Models/MusicEvent.swift"; sourceTree = "<group>"; };
		FFF6C9AE09694058AB95A2EF /* RadioShow.swift */ = {isa = PBXFileReference; lastKnownFileType = sourcecode.swift; path = "Models/RadioShow.swift"; sourceTree = "<group>"; };
		B1378C3DA4494528A3850E22 /* Restaurant.swift */ = {isa = PBXFileReference; lastKnownFileType = sourcecode.swift; path = "Models/Restaurant.swift"; sourceTree = "<group>"; };
		AE174244E2174052884B6F1E /* AudioStreamManager.swift */ = {isa = PBXFileReference; lastKnownFileType = sourcecode.swift; path = "Services/AudioStreamManager.swift"; sourceTree = "<group>"; };
		F682380864544560948AF6F4 /* DineOutManager.swift */ = {isa = PBXFileReference; lastKnownFileType = sourcecode.swift; path = "Services/DineOutManager.swift"; sourceTree = "<group>"; };
		AC24B30F3E8542EF8E86F0B0 /* MusicSceneManager.swift */ = {isa = PBXFileReference; lastKnownFileType = sourcecode.swift; path = "Services/MusicSceneManager.swift"; sourceTree = "<group>"; };
		D4B42EF7F20345A48249FFEF /* NotificationManager.swift */ = {isa = PBXFileReference; lastKnownFileType = sourcecode.swift; path = "Services/NotificationManager.swift"; sourceTree = "<group>"; };
		1BF5ED37039C48BD84B9ED1B /* Color+Theme.swift */ = {isa = PBXFileReference; lastKnownFileType = sourcecode.swift; path = "Utilities/Color+Theme.swift"; sourceTree = "<group>"; };
		DF599880220346FEB51B9338 /* DineOutView.swift */ = {isa = PBXFileReference; lastKnownFileType = sourcecode.swift; path = "Views/DineOut/DineOutView.swift"; sourceTree = "<group>"; };
		9B6FB11E1E464BE0989CFFC8 /* RestaurantDetailView.swift */ = {isa = PBXFileReference; lastKnownFileType = sourcecode.swift; path = "Views/DineOut/RestaurantDetailView.swift"; sourceTree = "<group>"; };
		BF05F8D7B37145C4B197EA62 /* EventDetailView.swift */ = {isa = PBXFileReference; lastKnownFileType = sourcecode.swift; path = "Views/MusicScene/EventDetailView.swift"; sourceTree = "<group>"; };
		DE071FEBE7964E04BA54FF62 /* MusicSceneView.swift */ = {isa = PBXFileReference; lastKnownFileType = sourcecode.swift; path = "Views/MusicScene/MusicSceneView.swift"; sourceTree = "<group>"; };
		4A8F5C84AC8941D6AEFF7C80 /* ProgrammingScheduleView.swift */ = {isa = PBXFileReference; lastKnownFileType = sourcecode.swift; path = "Views/Streaming/ProgrammingScheduleView.swift"; sourceTree = "<group>"; };
		ABCB41EA551F4B4F9D318A82 /* SleepTimerView.swift */ = {isa = PBXFileReference; lastKnownFileType = sourcecode.swift; path = "Views/Streaming/SleepTimerView.swift"; sourceTree = "<group>"; };
		5693BAE7FBA54FF0B6C52640 /* StreamingView.swift */ = {isa = PBXFileReference; lastKnownFileType = sourcecode.swift; path = "Views/Streaming/StreamingView.swift"; sourceTree = "<group>"; };
/* End PBXFileReference section */

/* Begin PBXFrameworksBuildPhase section */
		FBAD0830715D4247966DBDD4 /* Frameworks */ = {
			isa = PBXFrameworksBuildPhase;
			buildActionMask = 2147483647;
			files = (
			);
			runOnlyForDeploymentPostprocessing = 0;
		};
/* End PBXFrameworksBuildPhase section */

/* Begin PBXGroup section */
		9BE25751E04F4AB1A39FC2F7 /* Root */ = {
			isa = PBXGroup;
			children = (
				9B675295FE1A4322B490D858 /* BlueWaveRadio */,
				031930ADC21B4E0998CA3D49 /* Products */,
			);
			sourceTree = "<group>";
		};
		031930ADC21B4E0998CA3D49 /* Products */ = {
			isa = PBXGroup;
			children = (
				38E40461FE624F0CB0A6C1BA /* BlueWaveRadio.app */,
			);
			name = Products;
			sourceTree = "<group>";
		};
		9B675295FE1A4322B490D858 /* BlueWaveRadio */ = {
			isa = PBXGroup;
			children = (
				779448B33CC4441FBF3C12DF /* BlueWaveRadioApp.swift */,
				BFA4E484EF494EB48C76DB96 /* ContentView.swift */,
				C1FDDDBAD7EB4C1CB6C1FA71 /* MusicEvent.swift */,
				FFF6C9AE09694058AB95A2EF /* RadioShow.swift */,
				B1378C3DA4494528A3850E22 /* Restaurant.swift */,
				AE174244E2174052884B6F1E /* AudioStreamManager.swift */,
				F682380864544560948AF6F4 /* DineOutManager.swift */,
				AC24B30F3E8542EF8E86F0B0 /* MusicSceneManager.swift */,
				D4B42EF7F20345A48249FFEF /* NotificationManager.swift */,
				1BF5ED37039C48BD84B9ED1B /* Color+Theme.swift */,
				DF599880220346FEB51B9338 /* DineOutView.swift */,
				9B6FB11E1E464BE0989CFFC8 /* RestaurantDetailView.swift */,
				BF05F8D7B37145C4B197EA62 /* EventDetailView.swift */,
				DE071FEBE7964E04BA54FF62 /* MusicSceneView.swift */,
				4A8F5C84AC8941D6AEFF7C80 /* ProgrammingScheduleView.swift */,
				ABCB41EA551F4B4F9D318A82 /* SleepTimerView.swift */,
				5693BAE7FBA54FF0B6C52640 /* StreamingView.swift */,
			);
			path = BlueWaveRadio;
			sourceTree = "<group>";
		};
/* End PBXGroup section */

/* Begin PBXNativeTarget section */
		1B4B39923A264D62924D7C34 /* BlueWaveRadio */ = {
			isa = PBXNativeTarget;
			buildConfigurationList = 2AB14A257D2240858443FB0F /* Build configuration list for PBXNativeTarget "BlueWaveRadio" */;
			buildPhases = (
				3C9434A046A3459484DD1FFB /* Sources */,
				FBAD0830715D4247966DBDD4 /* Frameworks */,
			);
			buildRules = (
			);
			dependencies = (
			);
			name = BlueWaveRadio;
			productName = BlueWaveRadio;
			productReference = 38E40461FE624F0CB0A6C1BA /* BlueWaveRadio.app */;
			productType = "com.apple.product-type.application";
		};
/* End PBXNativeTarget section */

/* Begin PBXProject section */
		D39BDB7915D2470CB29EB631 /* Project object */ = {
			isa = PBXProject;
			attributes = {
				BuildIndependentTargetsInParallel = 1;
				LastSwiftUpdateCheck = 1500;
				LastUpgradeCheck = 1500;
			};
			buildConfigurationList = CBEF51644133454CBCD9D3CD /* Build configuration list for PBXProject "BlueWaveRadio" */;
			compatibilityVersion = "Xcode 14.0";
			developmentRegion = en;
			hasScannedForEncodings = 0;
			knownRegions = (
				en,
				Base,
			);
			mainGroup = 9BE25751E04F4AB1A39FC2F7;
			productRefGroup = 031930ADC21B4E0998CA3D49 /* Products */;
			projectDirPath = "";
			projectRoot = "";
			targets = (
				1B4B39923A264D62924D7C34 /* BlueWaveRadio */,
			);
		};
/* End PBXProject section */

/* Begin PBXSourcesBuildPhase section */
		3C9434A046A3459484DD1FFB /* Sources */ = {
			isa = PBXSourcesBuildPhase;
			buildActionMask = 2147483647;
			files = (
				0329DF1460144EF9B0596798 /* BlueWaveRadioApp.swift in Sources */,
				9708345B272E411FBE000820 /* ContentView.swift in Sources */,
				64532FEAE3FA481090CED30F /* MusicEvent.swift in Sources */,
				C45762AB282E4484B99F7B92 /* RadioShow.swift in Sources */,
				524400DB716F4B5FBF98E049 /* Restaurant.swift in Sources */,
				8F11D2E1682E412DA2AF71FF /* AudioStreamManager.swift in Sources */,
				CE5C9FC21DC6499B8947166E /* DineOutManager.swift in Sources */,
				A94BA4049E4D4F9CBA8EAF7A /* MusicSceneManager.swift in Sources */,
				96C466959D4F44AC888CF8A7 /* NotificationManager.swift in Sources */,
				9E127CE147E045FC9767D539 /* Color+Theme.swift in Sources */,
				7128B86468764EB4BAD4B01F /* DineOutView.swift in Sources */,
				646B6B4C166A46A994962B99 /* RestaurantDetailView.swift in Sources */,
				7AB4AD972F434DDDB2B0E4BF /* EventDetailView.swift in Sources */,
				CED35AC5E97347E09D9AA7E3 /* MusicSceneView.swift in Sources */,
				DA7AE6ED3624434C9C395C97 /* ProgrammingScheduleView.swift in Sources */,
				599396E2782D41978C740AA3 /* SleepTimerView.swift in Sources */,
				6E3CB4DD343E474BB53CA38E /* StreamingView.swift in Sources */,
			);
			runOnlyForDeploymentPostprocessing = 0;
		};
/* End PBXSourcesBuildPhase section */

/* Begin XCBuildConfiguration section */
		D80EC8A76E3C4FE5BD280023 /* Debug */ = {
			isa = XCBuildConfiguration;
			buildSettings = {
				ALWAYS_SEARCH_USER_PATHS = NO;
				CLANG_ENABLE_MODULES = YES;
				CODE_SIGN_STYLE = Automatic;
				CURRENT_PROJECT_VERSION = 1;
				ENABLE_PREVIEWS = YES;
				GENERATE_INFOPLIST_FILE = NO;
				INFOPLIST_FILE = BlueWaveRadio/Info.plist;
				INFOPLIST_KEY_UIApplicationSceneManifest_Generation = YES;
				INFOPLIST_KEY_UIApplicationSupportsIndirectInputEvents = YES;
				INFOPLIST_KEY_UILaunchScreen_Generation = YES;
				INFOPLIST_KEY_UISupportedInterfaceOrientations = "UIInterfaceOrientationPortrait UIInterfaceOrientationLandscapeLeft UIInterfaceOrientationLandscapeRight";
				IPHONEOS_DEPLOYMENT_TARGET = 17.0;
				LD_RUNPATH_SEARCH_PATHS = (
					"$(inherited)",
					"@executable_path/Frameworks",
				);
				MARKETING_VERSION = 1.0;
				PRODUCT_BUNDLE_IDENTIFIER = com.bluewaveradio.BlueWaveRadio;
				PRODUCT_NAME = "$(TARGET_NAME)";
				SDKROOT = iphoneos;
				SWIFT_EMIT_LOC_STRINGS = YES;
				SWIFT_VERSION = 6.0;
				TARGETED_DEVICE_FAMILY = "1,2";
			};
			name = Debug;
		};
		03AB819F3A3B4676A54D509E /* Release */ = {
			isa = XCBuildConfiguration;
			buildSettings = {
				ALWAYS_SEARCH_USER_PATHS = NO;
				CLANG_ENABLE_MODULES = YES;
				CODE_SIGN_STYLE = Automatic;
				CURRENT_PROJECT_VERSION = 1;
				ENABLE_PREVIEWS = YES;
				GENERATE_INFOPLIST_FILE = NO;
				INFOPLIST_FILE = BlueWaveRadio/Info.plist;
				INFOPLIST_KEY_UIApplicationSceneManifest_Generation = YES;
				INFOPLIST_KEY_UIApplicationSupportsIndirectInputEvents = YES;
				INFOPLIST_KEY_UILaunchScreen_Generation = YES;
				INFOPLIST_KEY_UISupportedInterfaceOrientations = "UIInterfaceOrientationPortrait UIInterfaceOrientationLandscapeLeft UIInterfaceOrientationLandscapeRight";
				IPHONEOS_DEPLOYMENT_TARGET = 17.0;
				LD_RUNPATH_SEARCH_PATHS = (
					"$(inherited)",
					"@executable_path/Frameworks",
				);
				MARKETING_VERSION = 1.0;
				PRODUCT_BUNDLE_IDENTIFIER = com.bluewaveradio.BlueWaveRadio;
				PRODUCT_NAME = "$(TARGET_NAME)";
				SDKROOT = iphoneos;
				SWIFT_EMIT_LOC_STRINGS = YES;
				SWIFT_VERSION = 6.0;
				TARGETED_DEVICE_FAMILY = "1,2";
				VALIDATE_PRODUCT = YES;
			};
			name = Release;
		};
/* End XCBuildConfiguration section */

/* Begin XCConfigurationList section */
		2AB14A257D2240858443FB0F /* Build configuration list for PBXNativeTarget "BlueWaveRadio" */ = {
			isa = XCConfigurationList;
			buildConfigurations = (
				D80EC8A76E3C4FE5BD280023 /* Debug */,
				03AB819F3A3B4676A54D509E /* Release */,
			);
			defaultConfigurationIsVisible = 0;
			defaultConfigurationName = Release;
		};
		CBEF51644133454CBCD9D3CD /* Build configuration list for PBXProject "BlueWaveRadio" */ = {
			isa = XCConfigurationList;
			buildConfigurations = (
				D80EC8A76E3C4FE5BD280023 /* Debug */,
				03AB819F3A3B4676A54D509E /* Release */,
			);
			defaultConfigurationIsVisible = 0;
			defaultConfigurationName = Release;
		};
/* End XCConfigurationList section */
	};
	rootObject = D39BDB7915D2470CB29EB631 /* Project object */;
}
