// !$*UTF8*$!
{
	archiveVersion = 1;
	classes = {
	};
	objectVersion = 56;
	objects = {

/* Begin PBXBuildFile section */
		8D67CDC53DE44E9F88D2A0E5 /* BlueWaveRadioApp.swift in Sources */ = {isa = PBXBuildFile; fileRef = 2BE4178E90A7484286C0D486 /* BlueWaveRadioApp.swift */; };
		7DFBD84230054370A44A34E7 /* ContentView.swift in Sources */ = {isa = PBXBuildFile; fileRef = D802E9CFDAE5437EB77EC39C /* ContentView.swift */; };
		652425E3BAF749D2A73C993A /* MusicEvent.swift in Sources */ = {isa = PBXBuildFile; fileRef = BE2C47FC3627447D8B21CD6C /* MusicEvent.swift */; };
		165D9B6475BC4918B0881787 /* RadioShow.swift in Sources */ = {isa = PBXBuildFile; fileRef = 04F649BBB68A473FB9CDC074 /* RadioShow.swift */; };
		E54EDC69A58E4FB88BF83A3B /* Restaurant.swift in Sources */ = {isa = PBXBuildFile; fileRef = 9C8B3DF6B61345A4B243E44B /* Restaurant.swift */; };
		99D5300EA4EB43ECAB7F1246 /* AudioStreamManager.swift in Sources */ = {isa = PBXBuildFile; fileRef = 2E3E5A811E9B46D290379E0B /* AudioStreamManager.swift */; };
		9C9577C38E384EE08A6B66CE /* DineOutManager.swift in Sources */ = {isa = PBXBuildFile; fileRef = 919E20334CBC4255B81984B4 /* DineOutManager.swift */; };
		9692172C39A44950B9092D39 /* MusicSceneManager.swift in Sources */ = {isa = PBXBuildFile; fileRef = B2C3E20B81FD4228A7BD8F19 /* MusicSceneManager.swift */; };
		CE69FE31929F4C6AAA6CE857 /* NotificationManager.swift in Sources */ = {isa = PBXBuildFile; fileRef = 486FB306E6D14C818C6606E4 /* NotificationManager.swift */; };
		2143A08566614407834ED488 /* Color+Theme.swift in Sources */ = {isa = PBXBuildFile; fileRef = C716F10EAFF041CABFFA2B4F /* Color+Theme.swift */; };
		6976D0411E7A4D6D9C15941D /* DineOutView.swift in Sources */ = {isa = PBXBuildFile; fileRef = 1125E628D5D14EC59082ACEB /* DineOutView.swift */; };
		3C803760BB664CB095FC103B /* RestaurantDetailView.swift in Sources */ = {isa = PBXBuildFile; fileRef = AA91F8B67F0C460A9D2956A1 /* RestaurantDetailView.swift */; };
		F8F61A19157C4DFEAC387B80 /* EventDetailView.swift in Sources */ = {isa = PBXBuildFile; fileRef = 7AD4B43E320E466587DF5233 /* EventDetailView.swift */; };
		F1CAB3AC17424043AE76E3DF /* MusicSceneView.swift in Sources */ = {isa = PBXBuildFile; fileRef = D51A58C8D13A4272BFC83E4F /* MusicSceneView.swift */; };
		79116F3FBC4F42AA9D7431F1 /* ProgrammingScheduleView.swift in Sources */ = {isa = PBXBuildFile; fileRef = 06E7E6A8ED2640B8A9D3C396 /* ProgrammingScheduleView.swift */; };
		080E5237C9AC4D019D3178FA /* SleepTimerView.swift in Sources */ = {isa = PBXBuildFile; fileRef = 7C1750F0C9B84FEB88DC87C3 /* SleepTimerView.swift */; };
		20F1C67693464C76BC482728 /* StreamingView.swift in Sources */ = {isa = PBXBuildFile; fileRef = DA7EC705977D479790A44B57 /* StreamingView.swift */; };
/* End PBXBuildFile section */

/* Begin PBXFileReference section */
		D82999AC884C40B8A1D77E16 /* BlueWaveRadio.app */ = {isa = PBXFileReference; explicitFileType = wrapper.application; includeInIndex = 0; path = BlueWaveRadio.app; sourceTree = BUILT_PRODUCTS_DIR; };
		2BE4178E90A7484286C0D486 /* BlueWaveRadioApp.swift */ = {isa = PBXFileReference; lastKnownFileType = sourcecode.swift; path = "App/BlueWaveRadioApp.swift"; sourceTree = "<group>"; };
		D802E9CFDAE5437EB77EC39C /* ContentView.swift */ = {isa = PBXFileReference; lastKnownFileType = sourcecode.swift; path = "App/ContentView.swift"; sourceTree = "<group>"; };
		BE2C47FC3627447D8B21CD6C /* MusicEvent.swift */ = {isa = PBXFileReference; lastKnownFileType = sourcecode.swift; path = "Models/MusicEvent.swift"; sourceTree = "<group>"; };
		04F649BBB68A473FB9CDC074 /* RadioShow.swift */ = {isa = PBXFileReference; lastKnownFileType = sourcecode.swift; path = "Models/RadioShow.swift"; sourceTree = "<group>"; };
		9C8B3DF6B61345A4B243E44B /* Restaurant.swift */ = {isa = PBXFileReference; lastKnownFileType = sourcecode.swift; path = "Models/Restaurant.swift"; sourceTree = "<group>"; };
		2E3E5A811E9B46D290379E0B /* AudioStreamManager.swift */ = {isa = PBXFileReference; lastKnownFileType = sourcecode.swift; path = "Services/AudioStreamManager.swift"; sourceTree = "<group>"; };
		919E20334CBC4255B81984B4 /* DineOutManager.swift */ = {isa = PBXFileReference; lastKnownFileType = sourcecode.swift; path = "Services/DineOutManager.swift"; sourceTree = "<group>"; };
		B2C3E20B81FD4228A7BD8F19 /* MusicSceneManager.swift */ = {isa = PBXFileReference; lastKnownFileType = sourcecode.swift; path = "Services/MusicSceneManager.swift"; sourceTree = "<group>"; };
		486FB306E6D14C818C6606E4 /* NotificationManager.swift */ = {isa = PBXFileReference; lastKnownFileType = sourcecode.swift; path = "Services/NotificationManager.swift"; sourceTree = "<group>"; };
		C716F10EAFF041CABFFA2B4F /* Color+Theme.swift */ = {isa = PBXFileReference; lastKnownFileType = sourcecode.swift; path = "Utilities/Color+Theme.swift"; sourceTree = "<group>"; };
		1125E628D5D14EC59082ACEB /* DineOutView.swift */ = {isa = PBXFileReference; lastKnownFileType = sourcecode.swift; path = "Views/DineOut/DineOutView.swift"; sourceTree = "<group>"; };
		AA91F8B67F0C460A9D2956A1 /* RestaurantDetailView.swift */ = {isa = PBXFileReference; lastKnownFileType = sourcecode.swift; path = "Views/DineOut/RestaurantDetailView.swift"; sourceTree = "<group>"; };
		7AD4B43E320E466587DF5233 /* EventDetailView.swift */ = {isa = PBXFileReference; lastKnownFileType = sourcecode.swift; path = "Views/MusicScene/EventDetailView.swift"; sourceTree = "<group>"; };
		D51A58C8D13A4272BFC83E4F /* MusicSceneView.swift */ = {isa = PBXFileReference; lastKnownFileType = sourcecode.swift; path = "Views/MusicScene/MusicSceneView.swift"; sourceTree = "<group>"; };
		06E7E6A8ED2640B8A9D3C396 /* ProgrammingScheduleView.swift */ = {isa = PBXFileReference; lastKnownFileType = sourcecode.swift; path = "Views/Streaming/ProgrammingScheduleView.swift"; sourceTree = "<group>"; };
		7C1750F0C9B84FEB88DC87C3 /* SleepTimerView.swift */ = {isa = PBXFileReference; lastKnownFileType = sourcecode.swift; path = "Views/Streaming/SleepTimerView.swift"; sourceTree = "<group>"; };
		DA7EC705977D479790A44B57 /* StreamingView.swift */ = {isa = PBXFileReference; lastKnownFileType = sourcecode.swift; path = "Views/Streaming/StreamingView.swift"; sourceTree = "<group>"; };
/* End PBXFileReference section */

/* Begin PBXFrameworksBuildPhase section */
		A53DA1459BD14DBA8D5CA1A3 /* Frameworks */ = {
			isa = PBXFrameworksBuildPhase;
			buildActionMask = 2147483647;
			files = (
			);
			runOnlyForDeploymentPostprocessing = 0;
		};
/* End PBXFrameworksBuildPhase section */

/* Begin PBXGroup section */
		B78D9A2182814EBEA07C4165 /* Root */ = {
			isa = PBXGroup;
			children = (
				863B52FBDD5740DDA88BE3B1 /* BlueWaveRadio */,
				3986AC5185BF4F5A9ACB8866 /* Products */,
			);
			sourceTree = "<group>";
		};
		3986AC5185BF4F5A9ACB8866 /* Products */ = {
			isa = PBXGroup;
			children = (
				D82999AC884C40B8A1D77E16 /* BlueWaveRadio.app */,
			);
			name = Products;
			sourceTree = "<group>";
		};
		863B52FBDD5740DDA88BE3B1 /* BlueWaveRadio */ = {
			isa = PBXGroup;
			children = (
				2BE4178E90A7484286C0D486 /* BlueWaveRadioApp.swift */,
				D802E9CFDAE5437EB77EC39C /* ContentView.swift */,
				BE2C47FC3627447D8B21CD6C /* MusicEvent.swift */,
				04F649BBB68A473FB9CDC074 /* RadioShow.swift */,
				9C8B3DF6B61345A4B243E44B /* Restaurant.swift */,
				2E3E5A811E9B46D290379E0B /* AudioStreamManager.swift */,
				919E20334CBC4255B81984B4 /* DineOutManager.swift */,
				B2C3E20B81FD4228A7BD8F19 /* MusicSceneManager.swift */,
				486FB306E6D14C818C6606E4 /* NotificationManager.swift */,
				C716F10EAFF041CABFFA2B4F /* Color+Theme.swift */,
				1125E628D5D14EC59082ACEB /* DineOutView.swift */,
				AA91F8B67F0C460A9D2956A1 /* RestaurantDetailView.swift */,
				7AD4B43E320E466587DF5233 /* EventDetailView.swift */,
				D51A58C8D13A4272BFC83E4F /* MusicSceneView.swift */,
				06E7E6A8ED2640B8A9D3C396 /* ProgrammingScheduleView.swift */,
				7C1750F0C9B84FEB88DC87C3 /* SleepTimerView.swift */,
				DA7EC705977D479790A44B57 /* StreamingView.swift */,
			);
			path = BlueWaveRadio;
			sourceTree = "<group>";
		};
/* End PBXGroup section */

/* Begin PBXNativeTarget section */
		05E36B19438C4E20A837FA65 /* BlueWaveRadio */ = {
			isa = PBXNativeTarget;
			buildConfigurationList = D49B12D2B4C247A588FEB4D0 /* Build configuration list for PBXNativeTarget "BlueWaveRadio" */;
			buildPhases = (
				699473B9447F4701926FB197 /* Sources */,
				A53DA1459BD14DBA8D5CA1A3 /* Frameworks */,
			);
			buildRules = (
			);
			dependencies = (
			);
			name = BlueWaveRadio;
			productName = BlueWaveRadio;
			productReference = D82999AC884C40B8A1D77E16 /* BlueWaveRadio.app */;
			productType = "com.apple.product-type.application";
		};
/* End PBXNativeTarget section */

/* Begin PBXProject section */
		B1A8A34CB0B94F6A8B1B15B7 /* Project object */ = {
			isa = PBXProject;
			attributes = {
				BuildIndependentTargetsInParallel = 1;
				LastSwiftUpdateCheck = 1500;
				LastUpgradeCheck = 1500;
			};
			buildConfigurationList = 18C2354002DA44C79D2B2EC3 /* Build configuration list for PBXProject "BlueWaveRadio" */;
			compatibilityVersion = "Xcode 14.0";
			developmentRegion = en;
			hasScannedForEncodings = 0;
			knownRegions = (
				en,
				Base,
			);
			mainGroup = B78D9A2182814EBEA07C4165;
			productRefGroup = 3986AC5185BF4F5A9ACB8866 /* Products */;
			projectDirPath = "";
			projectRoot = "";
			targets = (
				05E36B19438C4E20A837FA65 /* BlueWaveRadio */,
			);
		};
/* End PBXProject section */

/* Begin PBXSourcesBuildPhase section */
		699473B9447F4701926FB197 /* Sources */ = {
			isa = PBXSourcesBuildPhase;
			buildActionMask = 2147483647;
			files = (
				8D67CDC53DE44E9F88D2A0E5 /* BlueWaveRadioApp.swift in Sources */,
				7DFBD84230054370A44A34E7 /* ContentView.swift in Sources */,
				652425E3BAF749D2A73C993A /* MusicEvent.swift in Sources */,
				165D9B6475BC4918B0881787 /* RadioShow.swift in Sources */,
				E54EDC69A58E4FB88BF83A3B /* Restaurant.swift in Sources */,
				99D5300EA4EB43ECAB7F1246 /* AudioStreamManager.swift in Sources */,
				9C9577C38E384EE08A6B66CE /* DineOutManager.swift in Sources */,
				9692172C39A44950B9092D39 /* MusicSceneManager.swift in Sources */,
				CE69FE31929F4C6AAA6CE857 /* NotificationManager.swift in Sources */,
				2143A08566614407834ED488 /* Color+Theme.swift in Sources */,
				6976D0411E7A4D6D9C15941D /* DineOutView.swift in Sources */,
				3C803760BB664CB095FC103B /* RestaurantDetailView.swift in Sources */,
				F8F61A19157C4DFEAC387B80 /* EventDetailView.swift in Sources */,
				F1CAB3AC17424043AE76E3DF /* MusicSceneView.swift in Sources */,
				79116F3FBC4F42AA9D7431F1 /* ProgrammingScheduleView.swift in Sources */,
				080E5237C9AC4D019D3178FA /* SleepTimerView.swift in Sources */,
				20F1C67693464C76BC482728 /* StreamingView.swift in Sources */,
			);
			runOnlyForDeploymentPostprocessing = 0;
		};
/* End PBXSourcesBuildPhase section */

/* Begin XCBuildConfiguration section */
		A10BD3C32DD04C67BE984C79 /* Debug */ = {
			isa = XCBuildConfiguration;
			buildSettings = {
				ALWAYS_SEARCH_USER_PATHS = NO;
				CLANG_ENABLE_MODULES = YES;
				CODE_SIGN_STYLE = Automatic;
				CURRENT_PROJECT_VERSION = 1;
				ENABLE_PREVIEWS = YES;
				GENERATE_INFOPLIST_FILE = NO;
				INFOPLIST_FILE = BlueWaveRadio/Info.plist;
				INFOPLIST_KEY_UIApplicationSceneManifest_Generation = YES;
				INFOPLIST_KEY_UIApplicationSupportsIndirectInputEvents = YES;
				INFOPLIST_KEY_UILaunchScreen_Generation = YES;
				INFOPLIST_KEY_UISupportedInterfaceOrientations = "UIInterfaceOrientationPortrait UIInterfaceOrientationLandscapeLeft UIInterfaceOrientationLandscapeRight";
				IPHONEOS_DEPLOYMENT_TARGET = 17.0;
				LD_RUNPATH_SEARCH_PATHS = (
					"$(inherited)",
					"@executable_path/Frameworks",
				);
				MARKETING_VERSION = 1.0;
				PRODUCT_BUNDLE_IDENTIFIER = com.bluewaveradio.BlueWaveRadio;
				PRODUCT_NAME = "$(TARGET_NAME)";
				SDKROOT = iphoneos;
				SWIFT_EMIT_LOC_STRINGS = YES;
				SWIFT_VERSION = 6.0;
				TARGETED_DEVICE_FAMILY = "1,2";
			};
			name = Debug;
		};
		ACB78468BDE740899FC2C42C /* Release */ = {
			isa = XCBuildConfiguration;
			buildSettings = {
				ALWAYS_SEARCH_USER_PATHS = NO;
				CLANG_ENABLE_MODULES = YES;
				CODE_SIGN_STYLE = Automatic;
				CURRENT_PROJECT_VERSION = 1;
				ENABLE_PREVIEWS = YES;
				GENERATE_INFOPLIST_FILE = NO;
				INFOPLIST_FILE = BlueWaveRadio/Info.plist;
				INFOPLIST_KEY_UIApplicationSceneManifest_Generation = YES;
				INFOPLIST_KEY_UIApplicationSupportsIndirectInputEvents = YES;
				INFOPLIST_KEY_UILaunchScreen_Generation = YES;
				INFOPLIST_KEY_UISupportedInterfaceOrientations = "UIInterfaceOrientationPortrait UIInterfaceOrientationLandscapeLeft UIInterfaceOrientationLandscapeRight";
				IPHONEOS_DEPLOYMENT_TARGET = 17.0;
				LD_RUNPATH_SEARCH_PATHS = (
					"$(inherited)",
					"@executable_path/Frameworks",
				);
				MARKETING_VERSION = 1.0;
				PRODUCT_BUNDLE_IDENTIFIER = com.bluewaveradio.BlueWaveRadio;
				PRODUCT_NAME = "$(TARGET_NAME)";
				SDKROOT = iphoneos;
				SWIFT_EMIT_LOC_STRINGS = YES;
				SWIFT_VERSION = 6.0;
				TARGETED_DEVICE_FAMILY = "1,2";
				VALIDATE_PRODUCT = YES;
			};
			name = Release;
		};
/* End XCBuildConfiguration section */

/* Begin XCConfigurationList section */
		D49B12D2B4C247A588FEB4D0 /* Build configuration list for PBXNativeTarget "BlueWaveRadio" */ = {
			isa = XCConfigurationList;
			buildConfigurations = (
				A10BD3C32DD04C67BE984C79 /* Debug */,
				ACB78468BDE740899FC2C42C /* Release */,
			);
			defaultConfigurationIsVisible = 0;
			defaultConfigurationName = Release;
		};
		18C2354002DA44C79D2B2EC3 /* Build configuration list for PBXProject "BlueWaveRadio" */ = {
			isa = XCConfigurationList;
			buildConfigurations = (
				A10BD3C32DD04C67BE984C79 /* Debug */,
				ACB78468BDE740899FC2C42C /* Release */,
			);
			defaultConfigurationIsVisible = 0;
			defaultConfigurationName = Release;
		};
/* End XCConfigurationList section */
	};
	rootObject = B1A8A34CB0B94F6A8B1B15B7 /* Project object */;
}
