// !$*UTF8*$!
{
	archiveVersion = 1;
	classes = {
	};
	objectVersion = 56;
	objects = {

/* Begin PBXBuildFile section */
		5EA61E45D11E43C49AB6B7EA /* BlueWaveRadioApp.swift in Sources */ = {isa = PBXBuildFile; fileRef = 17A1B1EE79654BEAAAB70414 /* BlueWaveRadioApp.swift */; };
		10C9CE797ED34C53B46398E1 /* ContentView.swift in Sources */ = {isa = PBXBuildFile; fileRef = AD9346ABEDB44EBF87CE5185 /* ContentView.swift */; };
		ABC123DEF456789012345678 /* Assets.xcassets in Resources */ = {isa = PBXBuildFile; fileRef = DEF456789ABC123012345678 /* Assets.xcassets */; };
		FC1FFFD78A4D45FB9692F786 /* MusicEvent.swift in Sources */ = {isa = PBXBuildFile; fileRef = 165DE2EE67714F7D991EA9C4 /* MusicEvent.swift */; };
		B6335353866A4CB59A535CE9 /* RadioShow.swift in Sources */ = {isa = PBXBuildFile; fileRef = CFF0557CBDBE465A9AEB3F77 /* RadioShow.swift */; };
		4C464F119360455190085B0E /* Restaurant.swift in Sources */ = {isa = PBXBuildFile; fileRef = 74D1082DFB0E4D4BB1DB668A /* Restaurant.swift */; };
		9FB264E467CD44DC814E9E85 /* AudioStreamManager.swift in Sources */ = {isa = PBXBuildFile; fileRef = 166F2F35BEF14E0CB27AC62D /* AudioStreamManager.swift */; };
		7F5C15726EF34B21A91824B3 /* DineOutManager.swift in Sources */ = {isa = PBXBuildFile; fileRef = C1C661A17D564CFEBFB16A6F /* DineOutManager.swift */; };
		C753387512494EA58EBF5A63 /* MusicSceneManager.swift in Sources */ = {isa = PBXBuildFile; fileRef = 3AF5ADC4BBC74E47A54A1135 /* MusicSceneManager.swift */; };
		0B573B5B498944619CD50914 /* NotificationManager.swift in Sources */ = {isa = PBXBuildFile; fileRef = ABDF4C3EDC38420A9AC79711 /* NotificationManager.swift */; };
		A8BD5E6FEA2C4CBBB46EDA49 /* Color+Theme.swift in Sources */ = {isa = PBXBuildFile; fileRef = 48A90B3A75A84005A07F308A /* Color+Theme.swift */; };
		7913C3119B60462887DD888E /* DineOutView.swift in Sources */ = {isa = PBXBuildFile; fileRef = CDFFF36D4AB044F2A9D5AC6C /* DineOutView.swift */; };
		89F7E66A77D949D4B9130BAD /* RestaurantDetailView.swift in Sources */ = {isa = PBXBuildFile; fileRef = 33DE2BE14F1F4EF8A6A5BDB7 /* RestaurantDetailView.swift */; };
		247FE2EB9E9F41F89DB67D4C /* FavoritesView.swift in Sources */ = {isa = PBXBuildFile; fileRef = 378AE2D23BF741CB8D5A72AF /* FavoritesView.swift */; };
		49CA320910AC4553BD980EED /* EventDetailView.swift in Sources */ = {isa = PBXBuildFile; fileRef = 96D900D49F7C4140B5AE2B3E /* EventDetailView.swift */; };
		E4FE782B9B3F4F1088334881 /* MusicSceneView.swift in Sources */ = {isa = PBXBuildFile; fileRef = 8E78B88B052F478D859B46E1 /* MusicSceneView.swift */; };
		0725C12F22EA46AD9F9BC855 /* ProgrammingScheduleView.swift in Sources */ = {isa = PBXBuildFile; fileRef = 47FD623F5F064E52A15AC25E /* ProgrammingScheduleView.swift */; };
		E514DFC900E44FF28DE42C35 /* SleepTimerView.swift in Sources */ = {isa = PBXBuildFile; fileRef = F940937F73D04658801431FF /* SleepTimerView.swift */; };
		11193B12A1BA4167A3F70FDF /* StreamingView.swift in Sources */ = {isa = PBXBuildFile; fileRef = 6A150DF5703044BDA9375DBA /* StreamingView.swift */; };
		E30F490EA7D7D773169DD46A /* Weather.swift in Sources */ = {isa = PBXBuildFile; fileRef = 80032837ED3D67482674D82F /* Weather.swift */; };
		C3E3CDDA8BC45BB78788E3A1 /* WeatherManager.swift in Sources */ = {isa = PBXBuildFile; fileRef = 4F5D13BD0A8B3905D9DD589C /* WeatherManager.swift */; };
		22826E7326CC87CB61E88C68 /* WeatherWidget.swift in Sources */ = {isa = PBXBuildFile; fileRef = 193A0B8BACF11B9B327CA0B1 /* WeatherWidget.swift */; };
		03CA2F9DDCDFF8825283DFF2 /* SettingsView.swift in Sources */ = {isa = PBXBuildFile; fileRef = E5E96BDCFF1976401A20CAAB /* SettingsView.swift */; };
/* End PBXBuildFile section */

/* Begin PBXFileReference section */
		489E6FB27D0840A596CCDAE3 /* BlueWaveRadio.app */ = {isa = PBXFileReference; explicitFileType = wrapper.application; includeInIndex = 0; path = BlueWaveRadio.app; sourceTree = BUILT_PRODUCTS_DIR; };
		17A1B1EE79654BEAAAB70414 /* BlueWaveRadioApp.swift */ = {isa = PBXFileReference; lastKnownFileType = sourcecode.swift; path = "App/BlueWaveRadioApp.swift"; sourceTree = "<group>"; };
		AD9346ABEDB44EBF87CE5185 /* ContentView.swift */ = {isa = PBXFileReference; lastKnownFileType = sourcecode.swift; path = "App/ContentView.swift"; sourceTree = "<group>"; };
		165DE2EE67714F7D991EA9C4 /* MusicEvent.swift */ = {isa = PBXFileReference; lastKnownFileType = sourcecode.swift; path = "Models/MusicEvent.swift"; sourceTree = "<group>"; };
		CFF0557CBDBE465A9AEB3F77 /* RadioShow.swift */ = {isa = PBXFileReference; lastKnownFileType = sourcecode.swift; path = "Models/RadioShow.swift"; sourceTree = "<group>"; };
		74D1082DFB0E4D4BB1DB668A /* Restaurant.swift */ = {isa = PBXFileReference; lastKnownFileType = sourcecode.swift; path = "Models/Restaurant.swift"; sourceTree = "<group>"; };
		166F2F35BEF14E0CB27AC62D /* AudioStreamManager.swift */ = {isa = PBXFileReference; lastKnownFileType = sourcecode.swift; path = "Services/AudioStreamManager.swift"; sourceTree = "<group>"; };
		C1C661A17D564CFEBFB16A6F /* DineOutManager.swift */ = {isa = PBXFileReference; lastKnownFileType = sourcecode.swift; path = "Services/DineOutManager.swift"; sourceTree = "<group>"; };
		3AF5ADC4BBC74E47A54A1135 /* MusicSceneManager.swift */ = {isa = PBXFileReference; lastKnownFileType = sourcecode.swift; path = "Services/MusicSceneManager.swift"; sourceTree = "<group>"; };
		ABDF4C3EDC38420A9AC79711 /* NotificationManager.swift */ = {isa = PBXFileReference; lastKnownFileType = sourcecode.swift; path = "Services/NotificationManager.swift"; sourceTree = "<group>"; };
		48A90B3A75A84005A07F308A /* Color+Theme.swift */ = {isa = PBXFileReference; lastKnownFileType = sourcecode.swift; path = "Utilities/Color+Theme.swift"; sourceTree = "<group>"; };
		CDFFF36D4AB044F2A9D5AC6C /* DineOutView.swift */ = {isa = PBXFileReference; lastKnownFileType = sourcecode.swift; path = "Views/DineOut/DineOutView.swift"; sourceTree = "<group>"; };
		33DE2BE14F1F4EF8A6A5BDB7 /* RestaurantDetailView.swift */ = {isa = PBXFileReference; lastKnownFileType = sourcecode.swift; path = "Views/DineOut/RestaurantDetailView.swift"; sourceTree = "<group>"; };
		378AE2D23BF741CB8D5A72AF /* FavoritesView.swift */ = {isa = PBXFileReference; lastKnownFileType = sourcecode.swift; path = "Views/Favorites/FavoritesView.swift"; sourceTree = "<group>"; };
		96D900D49F7C4140B5AE2B3E /* EventDetailView.swift */ = {isa = PBXFileReference; lastKnownFileType = sourcecode.swift; path = "Views/MusicScene/EventDetailView.swift"; sourceTree = "<group>"; };
		8E78B88B052F478D859B46E1 /* MusicSceneView.swift */ = {isa = PBXFileReference; lastKnownFileType = sourcecode.swift; path = "Views/MusicScene/MusicSceneView.swift"; sourceTree = "<group>"; };
		47FD623F5F064E52A15AC25E /* ProgrammingScheduleView.swift */ = {isa = PBXFileReference; lastKnownFileType = sourcecode.swift; path = "Views/Streaming/ProgrammingScheduleView.swift"; sourceTree = "<group>"; };
		F940937F73D04658801431FF /* SleepTimerView.swift */ = {isa = PBXFileReference; lastKnownFileType = sourcecode.swift; path = "Views/Streaming/SleepTimerView.swift"; sourceTree = "<group>"; };
		6A150DF5703044BDA9375DBA /* StreamingView.swift */ = {isa = PBXFileReference; lastKnownFileType = sourcecode.swift; path = "Views/Streaming/StreamingView.swift"; sourceTree = "<group>"; };
		80032837ED3D67482674D82F /* Weather.swift */ = {isa = PBXFileReference; lastKnownFileType = sourcecode.swift; path = "Models/Weather.swift"; sourceTree = "<group>"; };
		4F5D13BD0A8B3905D9DD589C /* WeatherManager.swift */ = {isa = PBXFileReference; lastKnownFileType = sourcecode.swift; path = "Services/WeatherManager.swift"; sourceTree = "<group>"; };
		193A0B8BACF11B9B327CA0B1 /* WeatherWidget.swift */ = {isa = PBXFileReference; lastKnownFileType = sourcecode.swift; path = "Views/Components/WeatherWidget.swift"; sourceTree = "<group>"; };
		E5E96BDCFF1976401A20CAAB /* SettingsView.swift */ = {isa = PBXFileReference; lastKnownFileType = sourcecode.swift; path = "Views/Settings/SettingsView.swift"; sourceTree = "<group>"; };
		DEF456789ABC123012345678 /* Assets.xcassets */ = {isa = PBXFileReference; lastKnownFileType = folder.assetcatalog; path = Assets.xcassets; sourceTree = "<group>"; };
/* End PBXFileReference section */

/* Begin PBXFrameworksBuildPhase section */
		D14485698FC4401EB483514D /* Frameworks */ = {
			isa = PBXFrameworksBuildPhase;
			buildActionMask = 2147483647;
			files = (
			);
			runOnlyForDeploymentPostprocessing = 0;
		};
/* End PBXFrameworksBuildPhase section */

/* Begin PBXResourcesBuildPhase section */
		E1F2A3B4C5D6789012345678 /* Resources */ = {
			isa = PBXResourcesBuildPhase;
			buildActionMask = 2147483647;
			files = (
				ABC123DEF456789012345678 /* Assets.xcassets in Resources */,
			);
			runOnlyForDeploymentPostprocessing = 0;
		};
/* End PBXResourcesBuildPhase section */

/* Begin PBXGroup section */
		8A248C0074164031BEBCE342 /* Root */ = {
			isa = PBXGroup;
			children = (
				DD878C9FE1B14565BAC82B74 /* BlueWaveRadio */,
				983B0746B02D485EB39F57C6 /* Products */,
			);
			sourceTree = "<group>";
		};
		983B0746B02D485EB39F57C6 /* Products */ = {
			isa = PBXGroup;
			children = (
				489E6FB27D0840A596CCDAE3 /* BlueWaveRadio.app */,
			);
			name = Products;
			sourceTree = "<group>";
		};
		DD878C9FE1B14565BAC82B74 /* BlueWaveRadio */ = {
			isa = PBXGroup;
			children = (
				17A1B1EE79654BEAAAB70414 /* BlueWaveRadioApp.swift */,
				AD9346ABEDB44EBF87CE5185 /* ContentView.swift */,
				165DE2EE67714F7D991EA9C4 /* MusicEvent.swift */,
				CFF0557CBDBE465A9AEB3F77 /* RadioShow.swift */,
				74D1082DFB0E4D4BB1DB668A /* Restaurant.swift */,
				166F2F35BEF14E0CB27AC62D /* AudioStreamManager.swift */,
				C1C661A17D564CFEBFB16A6F /* DineOutManager.swift */,
				3AF5ADC4BBC74E47A54A1135 /* MusicSceneManager.swift */,
				ABDF4C3EDC38420A9AC79711 /* NotificationManager.swift */,
				48A90B3A75A84005A07F308A /* Color+Theme.swift */,
				CDFFF36D4AB044F2A9D5AC6C /* DineOutView.swift */,
				33DE2BE14F1F4EF8A6A5BDB7 /* RestaurantDetailView.swift */,
				378AE2D23BF741CB8D5A72AF /* FavoritesView.swift */,
				96D900D49F7C4140B5AE2B3E /* EventDetailView.swift */,
				8E78B88B052F478D859B46E1 /* MusicSceneView.swift */,
				47FD623F5F064E52A15AC25E /* ProgrammingScheduleView.swift */,
				F940937F73D04658801431FF /* SleepTimerView.swift */,
				6A150DF5703044BDA9375DBA /* StreamingView.swift */,
							80032837ED3D67482674D82F /* Weather.swift */,
				4F5D13BD0A8B3905D9DD589C /* WeatherManager.swift */,
				193A0B8BACF11B9B327CA0B1 /* WeatherWidget.swift */,
				E5E96BDCFF1976401A20CAAB /* SettingsView.swift */,
				DEF456789ABC123012345678 /* Assets.xcassets */,
);
			path = BlueWaveRadio;
			sourceTree = "<group>";
		};
/* End PBXGroup section */

/* Begin PBXNativeTarget section */
		FFD0000C96EE41C2BE161A85 /* BlueWaveRadio */ = {
			isa = PBXNativeTarget;
			buildConfigurationList = 32A85BC48DAF4E5C85B9060D /* Build configuration list for PBXNativeTarget "BlueWaveRadio" */;
			buildPhases = (
				8711F87ED6394734AB0AB756 /* Sources */,
				D14485698FC4401EB483514D /* Frameworks */,
				E1F2A3B4C5D6789012345678 /* Resources */,
			);
			buildRules = (
			);
			dependencies = (
			);
			name = BlueWaveRadio;
			productName = BlueWaveRadio;
			productReference = 489E6FB27D0840A596CCDAE3 /* BlueWaveRadio.app */;
			productType = "com.apple.product-type.application";
		};
/* End PBXNativeTarget section */

/* Begin PBXProject section */
		D87D2AEDE6BE4FD49320BEAA /* Project object */ = {
			isa = PBXProject;
			attributes = {
				BuildIndependentTargetsInParallel = 1;
				LastSwiftUpdateCheck = 1500;
				LastUpgradeCheck = 1500;
			};
			buildConfigurationList = C06AFEE7406B47A3ACD52BC9 /* Build configuration list for PBXProject "BlueWaveRadio" */;
			compatibilityVersion = "Xcode 14.0";
			developmentRegion = en;
			hasScannedForEncodings = 0;
			knownRegions = (
				en,
				Base,
			);
			mainGroup = 8A248C0074164031BEBCE342;
			productRefGroup = 983B0746B02D485EB39F57C6 /* Products */;
			projectDirPath = "";
			projectRoot = "";
			targets = (
				FFD0000C96EE41C2BE161A85 /* BlueWaveRadio */,
			);
		};
/* End PBXProject section */

/* Begin PBXSourcesBuildPhase section */
		8711F87ED6394734AB0AB756 /* Sources */ = {
			isa = PBXSourcesBuildPhase;
			buildActionMask = 2147483647;
			files = (
				5EA61E45D11E43C49AB6B7EA /* BlueWaveRadioApp.swift in Sources */,
				10C9CE797ED34C53B46398E1 /* ContentView.swift in Sources */,
				FC1FFFD78A4D45FB9692F786 /* MusicEvent.swift in Sources */,
				B6335353866A4CB59A535CE9 /* RadioShow.swift in Sources */,
				4C464F119360455190085B0E /* Restaurant.swift in Sources */,
				9FB264E467CD44DC814E9E85 /* AudioStreamManager.swift in Sources */,
				7F5C15726EF34B21A91824B3 /* DineOutManager.swift in Sources */,
				C753387512494EA58EBF5A63 /* MusicSceneManager.swift in Sources */,
				0B573B5B498944619CD50914 /* NotificationManager.swift in Sources */,
				A8BD5E6FEA2C4CBBB46EDA49 /* Color+Theme.swift in Sources */,
				7913C3119B60462887DD888E /* DineOutView.swift in Sources */,
				89F7E66A77D949D4B9130BAD /* RestaurantDetailView.swift in Sources */,
				247FE2EB9E9F41F89DB67D4C /* FavoritesView.swift in Sources */,
				49CA320910AC4553BD980EED /* EventDetailView.swift in Sources */,
				E4FE782B9B3F4F1088334881 /* MusicSceneView.swift in Sources */,
				0725C12F22EA46AD9F9BC855 /* ProgrammingScheduleView.swift in Sources */,
				E514DFC900E44FF28DE42C35 /* SleepTimerView.swift in Sources */,
				11193B12A1BA4167A3F70FDF /* StreamingView.swift in Sources */,
							E30F490EA7D7D773169DD46A /* Weather.swift in Sources */,
				C3E3CDDA8BC45BB78788E3A1 /* WeatherManager.swift in Sources */,
				22826E7326CC87CB61E88C68 /* WeatherWidget.swift in Sources */,
				03CA2F9DDCDFF8825283DFF2 /* SettingsView.swift in Sources */,
);
			runOnlyForDeploymentPostprocessing = 0;
		};
/* End PBXSourcesBuildPhase section */

/* Begin XCBuildConfiguration section */
		A47D9557069C4888AD4D4D4F /* Debug */ = {
			isa = XCBuildConfiguration;
			buildSettings = {
				ALWAYS_SEARCH_USER_PATHS = NO;
				CLANG_ENABLE_MODULES = YES;
				CODE_SIGN_STYLE = Automatic;
				CURRENT_PROJECT_VERSION = 1;
				ENABLE_PREVIEWS = YES;
				GENERATE_INFOPLIST_FILE = NO;
				INFOPLIST_FILE = BlueWaveRadio/Info.plist;
				INFOPLIST_KEY_UIApplicationSceneManifest_Generation = YES;
				INFOPLIST_KEY_UIApplicationSupportsIndirectInputEvents = YES;
				INFOPLIST_KEY_UILaunchScreen_Generation = YES;
				INFOPLIST_KEY_UISupportedInterfaceOrientations = "UIInterfaceOrientationPortrait UIInterfaceOrientationLandscapeLeft UIInterfaceOrientationLandscapeRight";
				IPHONEOS_DEPLOYMENT_TARGET = 17.0;
				LD_RUNPATH_SEARCH_PATHS = (
					"$(inherited)",
					"@executable_path/Frameworks",
				);
				MARKETING_VERSION = 1.0;
				PRODUCT_BUNDLE_IDENTIFIER = com.bluewaveradio.BlueWaveRadio;
				PRODUCT_NAME = "$(TARGET_NAME)";
				SDKROOT = iphoneos;
				SWIFT_EMIT_LOC_STRINGS = YES;
				SWIFT_VERSION = 6.0;
				TARGETED_DEVICE_FAMILY = "1,2";
			};
			name = Debug;
		};
		43AEDD4BED6947D8A8A1021A /* Release */ = {
			isa = XCBuildConfiguration;
			buildSettings = {
				ALWAYS_SEARCH_USER_PATHS = NO;
				CLANG_ENABLE_MODULES = YES;
				CODE_SIGN_STYLE = Automatic;
				CURRENT_PROJECT_VERSION = 1;
				ENABLE_PREVIEWS = YES;
				GENERATE_INFOPLIST_FILE = NO;
				INFOPLIST_FILE = BlueWaveRadio/Info.plist;
				INFOPLIST_KEY_UIApplicationSceneManifest_Generation = YES;
				INFOPLIST_KEY_UIApplicationSupportsIndirectInputEvents = YES;
				INFOPLIST_KEY_UILaunchScreen_Generation = YES;
				INFOPLIST_KEY_UISupportedInterfaceOrientations = "UIInterfaceOrientationPortrait UIInterfaceOrientationLandscapeLeft UIInterfaceOrientationLandscapeRight";
				IPHONEOS_DEPLOYMENT_TARGET = 17.0;
				LD_RUNPATH_SEARCH_PATHS = (
					"$(inherited)",
					"@executable_path/Frameworks",
				);
				MARKETING_VERSION = 1.0;
				PRODUCT_BUNDLE_IDENTIFIER = com.bluewaveradio.BlueWaveRadio;
				PRODUCT_NAME = "$(TARGET_NAME)";
				SDKROOT = iphoneos;
				SWIFT_EMIT_LOC_STRINGS = YES;
				SWIFT_VERSION = 6.0;
				TARGETED_DEVICE_FAMILY = "1,2";
				VALIDATE_PRODUCT = YES;
			};
			name = Release;
		};
/* End XCBuildConfiguration section */

/* Begin XCConfigurationList section */
		32A85BC48DAF4E5C85B9060D /* Build configuration list for PBXNativeTarget "BlueWaveRadio" */ = {
			isa = XCConfigurationList;
			buildConfigurations = (
				A47D9557069C4888AD4D4D4F /* Debug */,
				43AEDD4BED6947D8A8A1021A /* Release */,
			);
			defaultConfigurationIsVisible = 0;
			defaultConfigurationName = Release;
		};
		C06AFEE7406B47A3ACD52BC9 /* Build configuration list for PBXProject "BlueWaveRadio" */ = {
			isa = XCConfigurationList;
			buildConfigurations = (
				A47D9557069C4888AD4D4D4F /* Debug */,
				43AEDD4BED6947D8A8A1021A /* Release */,
			);
			defaultConfigurationIsVisible = 0;
			defaultConfigurationName = Release;
		};
/* End XCConfigurationList section */
	};
	rootObject = D87D2AEDE6BE4FD49320BEAA /* Project object */;
}
